
Microsoft Visual Studio Solution File, Format Version 12.00
# Visual Studio Version 18
VisualStudioVersion = 18.7.11911.148
MinimumVisualStudioVersion = 10.0.40219.1
Project("{FAE04EC0-301F-11D3-BF4B-00C04F79EFBC}") = "Freeway", "Freeway.csproj", "{CD770D2C-AC08-E445-D77A-8D33CD7FE836}"
EndProject
Global
	GlobalSection(SolutionConfigurationPlatforms) = preSolution
		Debug|Any CPU = Debug|Any CPU
		Release|Any CPU = Release|Any CPU
	EndGlobalSection
	GlobalSection(ProjectConfigurationPlatforms) = postSolution
		{CD770D2C-AC08-E445-D77A-8D33CD7FE836}.Debug|Any CPU.ActiveCfg = Debug|Any CPU
		{CD770D2C-AC08-E445-D77A-8D33CD7FE836}.Debug|Any CPU.Build.0 = Debug|Any CPU
		{CD770D2C-AC08-E445-D77A-8D33CD7FE836}.Release|Any CPU.ActiveCfg = Release|Any CPU
		{CD770D2C-AC08-E445-D77A-8D33CD7FE836}.Release|Any CPU.Build.0 = Release|Any CPU
	EndGlobalSection
	GlobalSection(SolutionProperties) = preSolution
		HideSolutionNode = FALSE
	EndGlobalSection
	GlobalSection(ExtensibilityGlobals) = postSolution
		SolutionGuid = {D04ED795-D403-472B-83A7-43D092D3BBBB}
	EndGlobalSection
EndGlobal
